
Microsoft Visual Studio Solution File, Format Version 12.00
# Visual Studio Version 17
VisualStudioVersion = 17.7.34202.233
MinimumVisualStudioVersion = 10.0.40219.1
Project("{FAE04EC0-301F-11D3-BF4B-00C04F79EFBC}") = "RiLib.WhatsApp", "RiLib.WhatsApp.csproj", "{0C70AC84-ACC6-48AA-8A45-518EC26A3DD8}"
EndProject
Global
	GlobalSection(SolutionConfigurationPlatforms) = preSolution
		Debug|Any CPU = Debug|Any CPU
		Release|Any CPU = Release|Any CPU
	EndGlobalSection
	GlobalSection(ProjectConfigurationPlatforms) = postSolution
		{0C70AC84-ACC6-48AA-8A45-518EC26A3DD8}.Debug|Any CPU.ActiveCfg = Debug|Any CPU
		{0C70AC84-ACC6-48AA-8A45-518EC26A3DD8}.Debug|Any CPU.Build.0 = Debug|Any CPU
		{0C70AC84-ACC6-48AA-8A45-518EC26A3DD8}.Release|Any CPU.ActiveCfg = Release|Any CPU
		{0C70AC84-ACC6-48AA-8A45-518EC26A3DD8}.Release|Any CPU.Build.0 = Release|Any CPU
	EndGlobalSection
	GlobalSection(SolutionProperties) = preSolution
		HideSolutionNode = FALSE
	EndGlobalSection
	GlobalSection(ExtensibilityGlobals) = postSolution
		SolutionGuid = {ED239E8A-0AF1-423E-94C4-D96489BD40BA}
	EndGlobalSection
EndGlobal
